// !$*UTF8*$!
{
	archiveVersion = 1;
	classes = {
	};
	objectVersion = 56;
	objects = {

/* Begin PBXBuildFile section */
		C786CDD82BE3F48800847B9F /* AppDelegate.swift in Sources */ = {isa = PBXBuildFile; fileRef = C786CDD72BE3F48800847B9F /* AppDelegate.swift */; };
		C786CDDA2BE3F48800847B9F /* GameScene.sks in Resources */ = {isa = PBXBuildFile; fileRef = C786CDD92BE3F48800847B9F /* GameScene.sks */; };
		C786CDDC2BE3F48800847B9F /* Actions.sks in Resources */ = {isa = PBXBuildFile; fileRef = C786CDDB2BE3F48800847B9F /* Actions.sks */; };
		C786CDDE2BE3F48800847B9F /* GameScene.swift in Sources */ = {isa = PBXBuildFile; fileRef = C786CDDD2BE3F48800847B9F /* GameScene.swift */; };
		C786CDE02BE3F48800847B9F /* GameViewController.swift in Sources */ = {isa = PBXBuildFile; fileRef = C786CDDF2BE3F48800847B9F /* GameViewController.swift */; };
		C786CDE32BE3F48800847B9F /* Main.storyboard in Resources */ = {isa = PBXBuildFile; fileRef = C786CDE12BE3F48800847B9F /* Main.storyboard */; };
		C786CDE52BE3F48A00847B9F /* Assets.xcassets in Resources */ = {isa = PBXBuildFile; fileRef = C786CDE42BE3F48A00847B9F /* Assets.xcassets */; };
		C786CDE82BE3F48A00847B9F /* LaunchScreen.storyboard in Resources */ = {isa = PBXBuildFile; fileRef = C786CDE62BE3F48A00847B9F /* LaunchScreen.storyboard */; };
		C786CDF22BE3F73200847B9F /* MenuScene.sks in Resources */ = {isa = PBXBuildFile; fileRef = C786CDF12BE3F73200847B9F /* MenuScene.sks */; };
		C786CDF42BE3F75D00847B9F /* MenuScene.swift in Sources */ = {isa = PBXBuildFile; fileRef = C786CDF32BE3F75D00847B9F /* MenuScene.swift */; };
/* End PBXBuildFile section */

/* Begin PBXFileReference section */
		C786CDD42BE3F48800847B9F /* SpaceInvadersRaul.app */ = {isa = PBXFileReference; explicitFileType = wrapper.application; includeInIndex = 0; path = SpaceInvadersRaul.app; sourceTree = BUILT_PRODUCTS_DIR; };
		C786CDD72BE3F48800847B9F /* AppDelegate.swift */ = {isa = PBXFileReference; lastKnownFileType = sourcecode.swift; path = AppDelegate.swift; sourceTree = "<group>"; };
		C786CDD92BE3F48800847B9F /* GameScene.sks */ = {isa = PBXFileReference; lastKnownFileType = file.sks; path = GameScene.sks; sourceTree = "<group>"; };
		C786CDDB2BE3F48800847B9F /* Actions.sks */ = {isa = PBXFileReference; lastKnownFileType = file.sks; path = Actions.sks; sourceTree = "<group>"; };
		C786CDDD2BE3F48800847B9F /* GameScene.swift */ = {isa = PBXFileReference; lastKnownFileType = sourcecode.swift; path = GameScene.swift; sourceTree = "<group>"; };
		C786CDDF2BE3F48800847B9F /* GameViewController.swift */ = {isa = PBXFileReference; lastKnownFileType = sourcecode.swift; path = GameViewController.swift; sourceTree = "<group>"; };
		C786CDE22BE3F48800847B9F /* Base */ = {isa = PBXFileReference; lastKnownFileType = file.storyboard; name = Base; path = Base.lproj/Main.storyboard; sourceTree = "<group>"; };
		C786CDE42BE3F48A00847B9F /* Assets.xcassets */ = {isa = PBXFileReference; lastKnownFileType = folder.assetcatalog; path = Assets.xcassets; sourceTree = "<group>"; };
		C786CDE72BE3F48A00847B9F /* Base */ = {isa = PBXFileReference; lastKnownFileType = file.storyboard; name = Base; path = Base.lproj/LaunchScreen.storyboard; sourceTree = "<group>"; };
		C786CDF12BE3F73200847B9F /* MenuScene.sks */ = {isa = PBXFileReference; lastKnownFileType = file.sks; path = MenuScene.sks; sourceTree = "<group>"; };
		C786CDF32BE3F75D00847B9F /* MenuScene.swift */ = {isa = PBXFileReference; lastKnownFileType = sourcecode.swift; path = MenuScene.swift; sourceTree = "<group>"; };
		C786CDF52BE3FBDB00847B9F /* Info.plist */ = {isa = PBXFileReference; lastKnownFileType = text.plist; path = Info.plist; sourceTree = "<group>"; };
/* End PBXFileReference section */

/* Begin PBXFrameworksBuildPhase section */
		C786CDD12BE3F48800847B9F /* Frameworks */ = {
			isa = PBXFrameworksBuildPhase;
			buildActionMask = 2147483647;
			files = (
			);
			runOnlyForDeploymentPostprocessing = 0;
		};
/* End PBXFrameworksBuildPhase section */

/* Begin PBXGroup section */
		C786CDCB2BE3F48800847B9F = {
			isa = PBXGroup;
			children = (
				C786CDD62BE3F48800847B9F /* SpaceInvadersRaul */,
				C786CDD52BE3F48800847B9F /* Products */,
			);
			sourceTree = "<group>";
		};
		C786CDD52BE3F48800847B9F /* Products */ = {
			isa = PBXGroup;
			children = (
				C786CDD42BE3F48800847B9F /* SpaceInvadersRaul.app */,
			);
			name = Products;
			sourceTree = "<group>";
		};
		C786CDD62BE3F48800847B9F /* SpaceInvadersRaul */ = {
			isa = PBXGroup;
			children = (
				C786CDF62BE4039200847B9F /* ble */,
				C786CDF52BE3FBDB00847B9F /* Info.plist */,
				C786CDF02BE3F59900847B9F /* Utils */,
				C786CDEF2BE3F59200847B9F /* Controllers */,
				C786CDEE2BE3F58900847B9F /* Scenes */,
				C786CDD72BE3F48800847B9F /* AppDelegate.swift */,
				C786CDD92BE3F48800847B9F /* GameScene.sks */,
				C786CDDB2BE3F48800847B9F /* Actions.sks */,
				C786CDDD2BE3F48800847B9F /* GameScene.swift */,
				C786CDDF2BE3F48800847B9F /* GameViewController.swift */,
				C786CDE12BE3F48800847B9F /* Main.storyboard */,
				C786CDE42BE3F48A00847B9F /* Assets.xcassets */,
				C786CDE62BE3F48A00847B9F /* LaunchScreen.storyboard */,
			);
			path = SpaceInvadersRaul;
			sourceTree = "<group>";
		};
		C786CDEE2BE3F58900847B9F /* Scenes */ = {
			isa = PBXGroup;
			children = (
				C786CDF12BE3F73200847B9F /* MenuScene.sks */,
			);
			path = Scenes;
			sourceTree = "<group>";
		};
		C786CDEF2BE3F59200847B9F /* Controllers */ = {
			isa = PBXGroup;
			children = (
				C786CDF32BE3F75D00847B9F /* MenuScene.swift */,
			);
			path = Controllers;
			sourceTree = "<group>";
		};
		C786CDF02BE3F59900847B9F /* Utils */ = {
			isa = PBXGroup;
			children = (
			);
			path = Utils;
			sourceTree = "<group>";
		};
		C786CDF62BE4039200847B9F /* ble */ = {
			isa = PBXGroup;
			children = (
			);
			path = ble;
			sourceTree = "<group>";
		};
/* End PBXGroup section */

/* Begin PBXNativeTarget section */
		C786CDD32BE3F48800847B9F /* SpaceInvadersRaul */ = {
			isa = PBXNativeTarget;
			buildConfigurationList = C786CDEB2BE3F48A00847B9F /* Build configuration list for PBXNativeTarget "SpaceInvadersRaul" */;
			buildPhases = (
				C786CDD02BE3F48800847B9F /* Sources */,
				C786CDD12BE3F48800847B9F /* Frameworks */,
				C786CDD22BE3F48800847B9F /* Resources */,
			);
			buildRules = (
			);
			dependencies = (
			);
			name = SpaceInvadersRaul;
			productName = SpaceInvadersRaul;
			productReference = C786CDD42BE3F48800847B9F /* SpaceInvadersRaul.app */;
			productType = "com.apple.product-type.application";
		};
/* End PBXNativeTarget section */

/* Begin PBXProject section */
		C786CDCC2BE3F48800847B9F /* Project object */ = {
			isa = PBXProject;
			attributes = {
				BuildIndependentTargetsInParallel = 1;
				LastSwiftUpdateCheck = 1430;
				LastUpgradeCheck = 1430;
				TargetAttributes = {
					C786CDD32BE3F48800847B9F = {
						CreatedOnToolsVersion = 14.3.1;
					};
				};
			};
			buildConfigurationList = C786CDCF2BE3F48800847B9F /* Build configuration list for PBXProject "SpaceInvadersRaul" */;
			compatibilityVersion = "Xcode 14.0";
			developmentRegion = en;
			hasScannedForEncodings = 0;
			knownRegions = (
				en,
				Base,
			);
			mainGroup = C786CDCB2BE3F48800847B9F;
			productRefGroup = C786CDD52BE3F48800847B9F /* Products */;
			projectDirPath = "";
			projectRoot = "";
			targets = (
				C786CDD32BE3F48800847B9F /* SpaceInvadersRaul */,
			);
		};
/* End PBXProject section */

/* Begin PBXResourcesBuildPhase section */
		C786CDD22BE3F48800847B9F /* Resources */ = {
			isa = PBXResourcesBuildPhase;
			buildActionMask = 2147483647;
			files = (
				C786CDE32BE3F48800847B9F /* Main.storyboard in Resources */,
				C786CDF22BE3F73200847B9F /* MenuScene.sks in Resources */,
				C786CDDA2BE3F48800847B9F /* GameScene.sks in Resources */,
				C786CDE52BE3F48A00847B9F /* Assets.xcassets in Resources */,
				C786CDE82BE3F48A00847B9F /* LaunchScreen.storyboard in Resources */,
				C786CDDC2BE3F48800847B9F /* Actions.sks in Resources */,
			);
			runOnlyForDeploymentPostprocessing = 0;
		};
/* End PBXResourcesBuildPhase section */

/* Begin PBXSourcesBuildPhase section */
		C786CDD02BE3F48800847B9F /* Sources */ = {
			isa = PBXSourcesBuildPhase;
			buildActionMask = 2147483647;
			files = (
				C786CDDE2BE3F48800847B9F /* GameScene.swift in Sources */,
				C786CDF42BE3F75D00847B9F /* MenuScene.swift in Sources */,
				C786CDE02BE3F48800847B9F /* GameViewController.swift in Sources */,
				C786CDD82BE3F48800847B9F /* AppDelegate.swift in Sources */,
			);
			runOnlyForDeploymentPostprocessing = 0;
		};
/* End PBXSourcesBuildPhase section */

/* Begin PBXVariantGroup section */
		C786CDE12BE3F48800847B9F /* Main.storyboard */ = {
			isa = PBXVariantGroup;
			children = (
				C786CDE22BE3F48800847B9F /* Base */,
			);
			name = Main.storyboard;
			sourceTree = "<group>";
		};
		C786CDE62BE3F48A00847B9F /* LaunchScreen.storyboard */ = {
			isa = PBXVariantGroup;
			children = (
				C786CDE72BE3F48A00847B9F /* Base */,
			);
			name = LaunchScreen.storyboard;
			sourceTree = "<group>";
		};
/* End PBXVariantGroup section */

/* Begin XCBuildConfiguration section */
		C786CDE92BE3F48A00847B9F /* Debug */ = {
			isa = XCBuildConfiguration;
			buildSettings = {
				ALWAYS_SEARCH_USER_PATHS = NO;
				CLANG_ANALYZER_NONNULL = YES;
				CLANG_ANALYZER_NUMBER_OBJECT_CONVERSION = YES_AGGRESSIVE;
				CLANG_CXX_LANGUAGE_STANDARD = "gnu++20";
				CLANG_ENABLE_MODULES = YES;
				CLANG_ENABLE_OBJC_ARC = YES;
				CLANG_ENABLE_OBJC_WEAK = YES;
				CLANG_WARN_BLOCK_CAPTURE_AUTORELEASING = YES;
				CLANG_WARN_BOOL_CONVERSION = YES;
				CLANG_WARN_COMMA = YES;
				CLANG_WARN_CONSTANT_CONVERSION = YES;
				CLANG_WARN_DEPRECATED_OBJC_IMPLEMENTATIONS = YES;
				CLANG_WARN_DIRECT_OBJC_ISA_USAGE = YES_ERROR;
				CLANG_WARN_DOCUMENTATION_COMMENTS = YES;
				CLANG_WARN_EMPTY_BODY = YES;
				CLANG_WARN_ENUM_CONVERSION = YES;
				CLANG_WARN_INFINITE_RECURSION = YES;
				CLANG_WARN_INT_CONVERSION = YES;
				CLANG_WARN_NON_LITERAL_NULL_CONVERSION = YES;
				CLANG_WARN_OBJC_IMPLICIT_RETAIN_SELF = YES;
				CLANG_WARN_OBJC_LITERAL_CONVERSION = YES;
				CLANG_WARN_OBJC_ROOT_CLASS = YES_ERROR;
				CLANG_WARN_QUOTED_INCLUDE_IN_FRAMEWORK_HEADER = YES;
				CLANG_WARN_RANGE_LOOP_ANALYSIS = YES;
				CLANG_WARN_STRICT_PROTOTYPES = YES;
				CLANG_WARN_SUSPICIOUS_MOVE = YES;
				CLANG_WARN_UNGUARDED_AVAILABILITY = YES_AGGRESSIVE;
				CLANG_WARN_UNREACHABLE_CODE = YES;
				CLANG_WARN__DUPLICATE_METHOD_MATCH = YES;
				COPY_PHASE_STRIP = NO;
				DEBUG_INFORMATION_FORMAT = dwarf;
				ENABLE_STRICT_OBJC_MSGSEND = YES;
				ENABLE_TESTABILITY = YES;
				GCC_C_LANGUAGE_STANDARD = gnu11;
				GCC_DYNAMIC_NO_PIC = NO;
				GCC_NO_COMMON_BLOCKS = YES;
				GCC_OPTIMIZATION_LEVEL = 0;
				GCC_PREPROCESSOR_DEFINITIONS = (
					"DEBUG=1",
					"$(inherited)",
				);
				GCC_WARN_64_TO_32_BIT_CONVERSION = YES;
				GCC_WARN_ABOUT_RETURN_TYPE = YES_ERROR;
				GCC_WARN_UNDECLARED_SELECTOR = YES;
				GCC_WARN_UNINITIALIZED_AUTOS = YES_AGGRESSIVE;
				GCC_WARN_UNUSED_FUNCTION = YES;
				GCC_WARN_UNUSED_VARIABLE = YES;
				IPHONEOS_DEPLOYMENT_TARGET = 16.4;
				MTL_ENABLE_DEBUG_INFO = INCLUDE_SOURCE;
				MTL_FAST_MATH = YES;
				ONLY_ACTIVE_ARCH = YES;
				SDKROOT = iphoneos;
				SWIFT_ACTIVE_COMPILATION_CONDITIONS = DEBUG;
				SWIFT_OPTIMIZATION_LEVEL = "-Onone";
			};
			name = Debug;
		};
		C786CDEA2BE3F48A00847B9F /* Release */ = {
			isa = XCBuildConfiguration;
			buildSettings = {
				ALWAYS_SEARCH_USER_PATHS = NO;
				CLANG_ANALYZER_NONNULL = YES;
				CLANG_ANALYZER_NUMBER_OBJECT_CONVERSION = YES_AGGRESSIVE;
				CLANG_CXX_LANGUAGE_STANDARD = "gnu++20";
				CLANG_ENABLE_MODULES = YES;
				CLANG_ENABLE_OBJC_ARC = YES;
				CLANG_ENABLE_OBJC_WEAK = YES;
				CLANG_WARN_BLOCK_CAPTURE_AUTORELEASING = YES;
				CLANG_WARN_BOOL_CONVERSION = YES;
				CLANG_WARN_COMMA = YES;
				CLANG_WARN_CONSTANT_CONVERSION = YES;
				CLANG_WARN_DEPRECATED_OBJC_IMPLEMENTATIONS = YES;
				CLANG_WARN_DIRECT_OBJC_ISA_USAGE = YES_ERROR;
				CLANG_WARN_DOCUMENTATION_COMMENTS = YES;
				CLANG_WARN_EMPTY_BODY = YES;
				CLANG_WARN_ENUM_CONVERSION = YES;
				CLANG_WARN_INFINITE_RECURSION = YES;
				CLANG_WARN_INT_CONVERSION = YES;
				CLANG_WARN_NON_LITERAL_NULL_CONVERSION = YES;
				CLANG_WARN_OBJC_IMPLICIT_RETAIN_SELF = YES;
				CLANG_WARN_OBJC_LITERAL_CONVERSION = YES;
				CLANG_WARN_OBJC_ROOT_CLASS = YES_ERROR;
				CLANG_WARN_QUOTED_INCLUDE_IN_FRAMEWORK_HEADER = YES;
				CLANG_WARN_RANGE_LOOP_ANALYSIS = YES;
				CLANG_WARN_STRICT_PROTOTYPES = YES;
				CLANG_WARN_SUSPICIOUS_MOVE = YES;
				CLANG_WARN_UNGUARDED_AVAILABILITY = YES_AGGRESSIVE;
				CLANG_WARN_UNREACHABLE_CODE = YES;
				CLANG_WARN__DUPLICATE_METHOD_MATCH = YES;
				COPY_PHASE_STRIP = NO;
				DEBUG_INFORMATION_FORMAT = "dwarf-with-dsym";
				ENABLE_NS_ASSERTIONS = NO;
				ENABLE_STRICT_OBJC_MSGSEND = YES;
				GCC_C_LANGUAGE_STANDARD = gnu11;
				GCC_NO_COMMON_BLOCKS = YES;
				GCC_WARN_64_TO_32_BIT_CONVERSION = YES;
				GCC_WARN_ABOUT_RETURN_TYPE = YES_ERROR;
				GCC_WARN_UNDECLARED_SELECTOR = YES;
				GCC_WARN_UNINITIALIZED_AUTOS = YES_AGGRESSIVE;
				GCC_WARN_UNUSED_FUNCTION = YES;
				GCC_WARN_UNUSED_VARIABLE = YES;
				IPHONEOS_DEPLOYMENT_TARGET = 16.4;
				MTL_ENABLE_DEBUG_INFO = NO;
				MTL_FAST_MATH = YES;
				SDKROOT = iphoneos;
				SWIFT_COMPILATION_MODE = wholemodule;
				SWIFT_OPTIMIZATION_LEVEL = "-O";
				VALIDATE_PRODUCT = YES;
			};
			name = Release;
		};
		C786CDEC2BE3F48A00847B9F /* Debug */ = {
			isa = XCBuildConfiguration;
			buildSettings = {
				ASSETCATALOG_COMPILER_APPICON_NAME = AppIcon;
				ASSETCATALOG_COMPILER_GLOBAL_ACCENT_COLOR_NAME = AccentColor;
				CODE_SIGN_STYLE = Automatic;
				CURRENT_PROJECT_VERSION = 1;
				DEVELOPMENT_TEAM = 3S952AGH46;
				GENERATE_INFOPLIST_FILE = YES;
				INFOPLIST_FILE = SpaceInvadersRaul/Info.plist;
				INFOPLIST_KEY_UIApplicationSupportsIndirectInputEvents = YES;
				INFOPLIST_KEY_UILaunchStoryboardName = LaunchScreen;
				INFOPLIST_KEY_UIMainStoryboardFile = Main;
				INFOPLIST_KEY_UIStatusBarHidden = YES;
				INFOPLIST_KEY_UISupportedInterfaceOrientations_iPad = "UIInterfaceOrientationPortrait UIInterfaceOrientationPortraitUpsideDown UIInterfaceOrientationLandscapeLeft UIInterfaceOrientationLandscapeRight";
				INFOPLIST_KEY_UISupportedInterfaceOrientations_iPhone = "UIInterfaceOrientationPortrait UIInterfaceOrientationLandscapeLeft UIInterfaceOrientationLandscapeRight";
				LD_RUNPATH_SEARCH_PATHS = (
					"$(inherited)",
					"@executable_path/Frameworks",
				);
				MARKETING_VERSION = 1.0;
				PRODUCT_BUNDLE_IDENTIFIER = es.rpm.SpaceInvadersRaul;
				PRODUCT_NAME = "$(TARGET_NAME)";
				SWIFT_EMIT_LOC_STRINGS = YES;
				SWIFT_VERSION = 5.0;
				TARGETED_DEVICE_FAMILY = "1,2";
			};
			name = Debug;
		};
		C786CDED2BE3F48A00847B9F /* Release */ = {
			isa = XCBuildConfiguration;
			buildSettings = {
				ASSETCATALOG_COMPILER_APPICON_NAME = AppIcon;
				ASSETCATALOG_COMPILER_GLOBAL_ACCENT_COLOR_NAME = AccentColor;
				CODE_SIGN_STYLE = Automatic;
				CURRENT_PROJECT_VERSION = 1;
				DEVELOPMENT_TEAM = 3S952AGH46;
				GENERATE_INFOPLIST_FILE = YES;
				INFOPLIST_FILE = SpaceInvadersRaul/Info.plist;
				INFOPLIST_KEY_UIApplicationSupportsIndirectInputEvents = YES;
				INFOPLIST_KEY_UILaunchStoryboardName = LaunchScreen;
				INFOPLIST_KEY_UIMainStoryboardFile = Main;
				INFOPLIST_KEY_UIStatusBarHidden = YES;
				INFOPLIST_KEY_UISupportedInterfaceOrientations_iPad = "UIInterfaceOrientationPortrait UIInterfaceOrientationPortraitUpsideDown UIInterfaceOrientationLandscapeLeft UIInterfaceOrientationLandscapeRight";
				INFOPLIST_KEY_UISupportedInterfaceOrientations_iPhone = "UIInterfaceOrientationPortrait UIInterfaceOrientationLandscapeLeft UIInterfaceOrientationLandscapeRight";
				LD_RUNPATH_SEARCH_PATHS = (
					"$(inherited)",
					"@executable_path/Frameworks",
				);
				MARKETING_VERSION = 1.0;
				PRODUCT_BUNDLE_IDENTIFIER = es.rpm.SpaceInvadersRaul;
				PRODUCT_NAME = "$(TARGET_NAME)";
				SWIFT_EMIT_LOC_STRINGS = YES;
				SWIFT_VERSION = 5.0;
				TARGETED_DEVICE_FAMILY = "1,2";
			};
			name = Release;
		};
/* End XCBuildConfiguration section */

/* Begin XCConfigurationList section */
		C786CDCF2BE3F48800847B9F /* Build configuration list for PBXProject "SpaceInvadersRaul" */ = {
			isa = XCConfigurationList;
			buildConfigurations = (
				C786CDE92BE3F48A00847B9F /* Debug */,
				C786CDEA2BE3F48A00847B9F /* Release */,
			);
			defaultConfigurationIsVisible = 0;
			defaultConfigurationName = Release;
		};
		C786CDEB2BE3F48A00847B9F /* Build configuration list for PBXNativeTarget "SpaceInvadersRaul" */ = {
			isa = XCConfigurationList;
			buildConfigurations = (
				C786CDEC2BE3F48A00847B9F /* Debug */,
				C786CDED2BE3F48A00847B9F /* Release */,
			);
			defaultConfigurationIsVisible = 0;
			defaultConfigurationName = Release;
		};
/* End XCConfigurationList section */
	};
	rootObject = C786CDCC2BE3F48800847B9F /* Project object */;
}
